
Microsoft Visual Studio Solution File, Format Version 12.00
# Visual Studio Version 17
VisualStudioVersion = 17.4.33205.214
MinimumVisualStudioVersion = 10.0.40219.1
Project("{FAE04EC0-301F-11D3-BF4B-00C04F79EFBC}") = "School_API", "school\School_API.csproj", "{C2E40B5E-3183-4873-9B3B-062E66950BD4}"
EndProject
Project("{FAE04EC0-301F-11D3-BF4B-00C04F79EFBC}") = "School_Data", "school_data\School_Data.csproj", "{1A4B3C0B-24FA-4F08-8E42-10EB1DAE9786}"
EndProject
Global
	GlobalSection(SolutionConfigurationPlatforms) = preSolution
		Debug|Any CPU = Debug|Any CPU
		Release|Any CPU = Release|Any CPU
	EndGlobalSection
	GlobalSection(ProjectConfigurationPlatforms) = postSolution
		{C2E40B5E-3183-4873-9B3B-062E66950BD4}.Debug|Any CPU.ActiveCfg = Debug|Any CPU
		{C2E40B5E-3183-4873-9B3B-062E66950BD4}.Debug|Any CPU.Build.0 = Debug|Any CPU
		{C2E40B5E-3183-4873-9B3B-062E66950BD4}.Release|Any CPU.ActiveCfg = Release|Any CPU
		{C2E40B5E-3183-4873-9B3B-062E66950BD4}.Release|Any CPU.Build.0 = Release|Any CPU
		{1A4B3C0B-24FA-4F08-8E42-10EB1DAE9786}.Debug|Any CPU.ActiveCfg = Debug|Any CPU
		{1A4B3C0B-24FA-4F08-8E42-10EB1DAE9786}.Debug|Any CPU.Build.0 = Debug|Any CPU
		{1A4B3C0B-24FA-4F08-8E42-10EB1DAE9786}.Release|Any CPU.ActiveCfg = Release|Any CPU
		{1A4B3C0B-24FA-4F08-8E42-10EB1DAE9786}.Release|Any CPU.Build.0 = Release|Any CPU
	EndGlobalSection
	GlobalSection(SolutionProperties) = preSolution
		HideSolutionNode = FALSE
	EndGlobalSection
	GlobalSection(ExtensibilityGlobals) = postSolution
		SolutionGuid = {54089038-0E3D-4FC9-BAF0-EC1852CC8F2E}
	EndGlobalSection
EndGlobal
